
Microsoft Visual Studio Solution File, Format Version 12.00
# Visual Studio Version 17
VisualStudioVersion = 17.11.35327.3
MinimumVisualStudioVersion = 10.0.40219.1
Project("{9A19103F-16F7-4668-BE54-9A1E7A4F7556}") = "AICourseTester", "AICourseTester.csproj", "{4E450752-56F8-4BD7-BB10-AFFB68CDCCD9}"
EndProject
Project("{9A19103F-16F7-4668-BE54-9A1E7A4F7556}") = "TestProject", "..\TestProject\TestProject.csproj", "{9940DDC8-50D4-47D9-B232-2611B4A40F11}"
EndProject
Project("{9A19103F-16F7-4668-BE54-9A1E7A4F7556}") = "MigrationService", "..\MigrationService\MigrationService.csproj", "{DF598D55-CE0D-48D5-BA3A-74E8BB9C15F0}"
EndProject
Project("{9A19103F-16F7-4668-BE54-9A1E7A4F7556}") = "API", "API\API.csproj", "{6178E74C-BF1C-421B-ACF3-AA1DAFAEB1C9}"
EndProject
Project("{2150E333-8FDC-42A3-9474-1A3956D46DE8}") = "Solution Items", "Solution Items", "{FA19C3F3-9319-404C-A2C9-4964C0344558}"
	ProjectSection(SolutionItems) = preProject
		..\.gitignore = ..\.gitignore
	EndProjectSection
EndProject
Global
	GlobalSection(SolutionConfigurationPlatforms) = preSolution
		Debug|Any CPU = Debug|Any CPU
		Release|Any CPU = Release|Any CPU
	EndGlobalSection
	GlobalSection(ProjectConfigurationPlatforms) = postSolution
		{4E450752-56F8-4BD7-BB10-AFFB68CDCCD9}.Debug|Any CPU.ActiveCfg = Debug|Any CPU
		{4E450752-56F8-4BD7-BB10-AFFB68CDCCD9}.Debug|Any CPU.Build.0 = Debug|Any CPU
		{4E450752-56F8-4BD7-BB10-AFFB68CDCCD9}.Release|Any CPU.ActiveCfg = Release|Any CPU
		{4E450752-56F8-4BD7-BB10-AFFB68CDCCD9}.Release|Any CPU.Build.0 = Release|Any CPU
		{9940DDC8-50D4-47D9-B232-2611B4A40F11}.Debug|Any CPU.ActiveCfg = Debug|Any CPU
		{9940DDC8-50D4-47D9-B232-2611B4A40F11}.Debug|Any CPU.Build.0 = Debug|Any CPU
		{9940DDC8-50D4-47D9-B232-2611B4A40F11}.Release|Any CPU.ActiveCfg = Release|Any CPU
		{9940DDC8-50D4-47D9-B232-2611B4A40F11}.Release|Any CPU.Build.0 = Release|Any CPU
		{DF598D55-CE0D-48D5-BA3A-74E8BB9C15F0}.Debug|Any CPU.ActiveCfg = Debug|Any CPU
		{DF598D55-CE0D-48D5-BA3A-74E8BB9C15F0}.Debug|Any CPU.Build.0 = Debug|Any CPU
		{DF598D55-CE0D-48D5-BA3A-74E8BB9C15F0}.Release|Any CPU.ActiveCfg = Release|Any CPU
		{DF598D55-CE0D-48D5-BA3A-74E8BB9C15F0}.Release|Any CPU.Build.0 = Release|Any CPU
		{6178E74C-BF1C-421B-ACF3-AA1DAFAEB1C9}.Debug|Any CPU.ActiveCfg = Debug|Any CPU
		{6178E74C-BF1C-421B-ACF3-AA1DAFAEB1C9}.Debug|Any CPU.Build.0 = Debug|Any CPU
		{6178E74C-BF1C-421B-ACF3-AA1DAFAEB1C9}.Release|Any CPU.ActiveCfg = Release|Any CPU
		{6178E74C-BF1C-421B-ACF3-AA1DAFAEB1C9}.Release|Any CPU.Build.0 = Release|Any CPU
	EndGlobalSection
	GlobalSection(SolutionProperties) = preSolution
		HideSolutionNode = FALSE
	EndGlobalSection
	GlobalSection(ExtensibilityGlobals) = postSolution
		SolutionGuid = {EB93BF80-8AD6-4498-91B2-996C482FC4B5}
	EndGlobalSection
EndGlobal
